
Microsoft Visual Studio Solution File, Format Version 12.00
# Visual Studio Version 16
VisualStudioVersion = 16.0.31205.134
MinimumVisualStudioVersion = 10.0.40219.1
Project("{FAE04EC0-301F-11D3-BF4B-00C04F79EFBC}") = "webapp-git", "webapp-git\webapp-git.csproj", "{DB972AAB-0DA8-46B3-A082-F402C47519EC}"
EndProject
Global
	GlobalSection(SolutionConfigurationPlatforms) = preSolution
		Debug|Any CPU = Debug|Any CPU
		Release|Any CPU = Release|Any CPU
	EndGlobalSection
	GlobalSection(ProjectConfigurationPlatforms) = postSolution
		{DB972AAB-0DA8-46B3-A082-F402C47519EC}.Debug|Any CPU.ActiveCfg = Debug|Any CPU
		{DB972AAB-0DA8-46B3-A082-F402C47519EC}.Debug|Any CPU.Build.0 = Debug|Any CPU
		{DB972AAB-0DA8-46B3-A082-F402C47519EC}.Release|Any CPU.ActiveCfg = Release|Any CPU
		{DB972AAB-0DA8-46B3-A082-F402C47519EC}.Release|Any CPU.Build.0 = Release|Any CPU
	EndGlobalSection
	GlobalSection(SolutionProperties) = preSolution
		HideSolutionNode = FALSE
	EndGlobalSection
	GlobalSection(ExtensibilityGlobals) = postSolution
		SolutionGuid = {442E9970-0049-4FF5-9739-D8D83E80988D}
	EndGlobalSection
EndGlobal
